
Microsoft Visual Studio Solution File, Format Version 12.00
# Visual Studio Version 17
VisualStudioVersion = 17.11.35312.102
MinimumVisualStudioVersion = 10.0.40219.1
Project("{FAE04EC0-301F-11D3-BF4B-00C04F79EFBC}") = "UserManagementApp", "UserManagementApp\UserManagementApp.csproj", "{8020507E-5D7E-4DFB-9096-BF2EC6893C89}"
EndProject
Global
	GlobalSection(SolutionConfigurationPlatforms) = preSolution
		Debug|Any CPU = Debug|Any CPU
		Release|Any CPU = Release|Any CPU
	EndGlobalSection
	GlobalSection(ProjectConfigurationPlatforms) = postSolution
		{8020507E-5D7E-4DFB-9096-BF2EC6893C89}.Debug|Any CPU.ActiveCfg = Debug|Any CPU
		{8020507E-5D7E-4DFB-9096-BF2EC6893C89}.Debug|Any CPU.Build.0 = Debug|Any CPU
		{8020507E-5D7E-4DFB-9096-BF2EC6893C89}.Release|Any CPU.ActiveCfg = Release|Any CPU
		{8020507E-5D7E-4DFB-9096-BF2EC6893C89}.Release|Any CPU.Build.0 = Release|Any CPU
	EndGlobalSection
	GlobalSection(SolutionProperties) = preSolution
		HideSolutionNode = FALSE
	EndGlobalSection
	GlobalSection(ExtensibilityGlobals) = postSolution
		SolutionGuid = {1595346E-07F4-4078-9BEB-275BE66A13E4}
	EndGlobalSection
EndGlobal
